
Microsoft Visual Studio Solution File, Format Version 12.00
# Visual Studio Version 16
VisualStudioVersion = 16.0.31729.503
MinimumVisualStudioVersion = 10.0.40219.1
Project("{FAE04EC0-301F-11D3-BF4B-00C04F79EFBC}") = "esperanca-matematica", "esperanca-matematica\esperanca-matematica.csproj", "{73211326-C310-4F12-BE76-CF6CA0BE7E6C}"
EndProject
Global
	GlobalSection(SolutionConfigurationPlatforms) = preSolution
		Debug|Any CPU = Debug|Any CPU
		Release|Any CPU = Release|Any CPU
	EndGlobalSection
	GlobalSection(ProjectConfigurationPlatforms) = postSolution
		{73211326-C310-4F12-BE76-CF6CA0BE7E6C}.Debug|Any CPU.ActiveCfg = Debug|Any CPU
		{73211326-C310-4F12-BE76-CF6CA0BE7E6C}.Debug|Any CPU.Build.0 = Debug|Any CPU
		{73211326-C310-4F12-BE76-CF6CA0BE7E6C}.Release|Any CPU.ActiveCfg = Release|Any CPU
		{73211326-C310-4F12-BE76-CF6CA0BE7E6C}.Release|Any CPU.Build.0 = Release|Any CPU
	EndGlobalSection
	GlobalSection(SolutionProperties) = preSolution
		HideSolutionNode = FALSE
	EndGlobalSection
	GlobalSection(ExtensibilityGlobals) = postSolution
		SolutionGuid = {0B483821-B7D7-4350-9FCA-71A093D8580E}
	EndGlobalSection
EndGlobal
